
Microsoft Visual Studio Solution File, Format Version 12.00
Project("{FAE04EC0-301F-11D3-BF4B-00C04F79EFBC}") = "TG-Bot", "TG-Bot\TG-Bot.csproj", "{5EFF4672-14A3-4668-85E1-AA20298A4D6B}"
EndProject
Project("{FAE04EC0-301F-11D3-BF4B-00C04F79EFBC}") = "Bot-Library", "Bot-Library\Bot-Library.csproj", "{27249942-9435-40D2-9B82-284D36CFDDA5}"
EndProject
Global
	GlobalSection(SolutionConfigurationPlatforms) = preSolution
		Debug|Any CPU = Debug|Any CPU
		Release|Any CPU = Release|Any CPU
	EndGlobalSection
	GlobalSection(ProjectConfigurationPlatforms) = postSolution
		{5EFF4672-14A3-4668-85E1-AA20298A4D6B}.Debug|Any CPU.ActiveCfg = Debug|Any CPU
		{5EFF4672-14A3-4668-85E1-AA20298A4D6B}.Debug|Any CPU.Build.0 = Debug|Any CPU
		{5EFF4672-14A3-4668-85E1-AA20298A4D6B}.Release|Any CPU.ActiveCfg = Release|Any CPU
		{5EFF4672-14A3-4668-85E1-AA20298A4D6B}.Release|Any CPU.Build.0 = Release|Any CPU
		{27249942-9435-40D2-9B82-284D36CFDDA5}.Debug|Any CPU.ActiveCfg = Debug|Any CPU
		{27249942-9435-40D2-9B82-284D36CFDDA5}.Debug|Any CPU.Build.0 = Debug|Any CPU
		{27249942-9435-40D2-9B82-284D36CFDDA5}.Release|Any CPU.ActiveCfg = Release|Any CPU
		{27249942-9435-40D2-9B82-284D36CFDDA5}.Release|Any CPU.Build.0 = Release|Any CPU
	EndGlobalSection
EndGlobal
